
Microsoft Visual Studio Solution File, Format Version 12.00
# Visual Studio Version 17
VisualStudioVersion = 17.8.34316.72
MinimumVisualStudioVersion = 10.0.40219.1
Project("{FAE04EC0-301F-11D3-BF4B-00C04F79EFBC}") = "ConsoleApp1", "ConsoleApp1.csproj", "{3472C6E6-CFE0-4A15-BFF3-485C4F00141A}"
EndProject
Global
	GlobalSection(SolutionConfigurationPlatforms) = preSolution
		Debug|Any CPU = Debug|Any CPU
		Release|Any CPU = Release|Any CPU
	EndGlobalSection
	GlobalSection(ProjectConfigurationPlatforms) = postSolution
		{3472C6E6-CFE0-4A15-BFF3-485C4F00141A}.Debug|Any CPU.ActiveCfg = Debug|Any CPU
		{3472C6E6-CFE0-4A15-BFF3-485C4F00141A}.Debug|Any CPU.Build.0 = Debug|Any CPU
		{3472C6E6-CFE0-4A15-BFF3-485C4F00141A}.Release|Any CPU.ActiveCfg = Release|Any CPU
		{3472C6E6-CFE0-4A15-BFF3-485C4F00141A}.Release|Any CPU.Build.0 = Release|Any CPU
	EndGlobalSection
	GlobalSection(SolutionProperties) = preSolution
		HideSolutionNode = FALSE
	EndGlobalSection
	GlobalSection(ExtensibilityGlobals) = postSolution
		SolutionGuid = {98E3D76A-C4A0-409D-A967-26CCAFF81147}
	EndGlobalSection
EndGlobal
